
Microsoft Visual Studio Solution File, Format Version 12.00
# Visual Studio Version 16
VisualStudioVersion = 16.0.30907.101
MinimumVisualStudioVersion = 10.0.40219.1
Project("{FAE04EC0-301F-11D3-BF4B-00C04F79EFBC}") = "Kitty", "Kitty\Kitty.csproj", "{D3D71BDA-2BC5-4E0E-B65F-FB2F7FBDC915}"
EndProject
Global
	GlobalSection(SolutionConfigurationPlatforms) = preSolution
		Debug|Any CPU = Debug|Any CPU
		Release|Any CPU = Release|Any CPU
	EndGlobalSection
	GlobalSection(ProjectConfigurationPlatforms) = postSolution
		{D3D71BDA-2BC5-4E0E-B65F-FB2F7FBDC915}.Debug|Any CPU.ActiveCfg = Debug|Any CPU
		{D3D71BDA-2BC5-4E0E-B65F-FB2F7FBDC915}.Debug|Any CPU.Build.0 = Debug|Any CPU
		{D3D71BDA-2BC5-4E0E-B65F-FB2F7FBDC915}.Release|Any CPU.ActiveCfg = Release|Any CPU
		{D3D71BDA-2BC5-4E0E-B65F-FB2F7FBDC915}.Release|Any CPU.Build.0 = Release|Any CPU
	EndGlobalSection
	GlobalSection(SolutionProperties) = preSolution
		HideSolutionNode = FALSE
	EndGlobalSection
	GlobalSection(ExtensibilityGlobals) = postSolution
		SolutionGuid = {7074B489-DEAD-4B3F-B889-67BAD9D5945E}
	EndGlobalSection
EndGlobal
